PODS:
  - RBCoreDataStack (0.0.3)
  - RBSmartTableViewCell (0.0.1)
  - ReactiveCocoa (2.2.4):
    - ReactiveCocoa/Core
    - ReactiveCocoa/no-arc
  - ReactiveCocoa/Core (2.2.4):
    - ReactiveCocoa/no-arc
  - ReactiveCocoa/no-arc (2.2.4)
  - ReactiveViewModel (0.2):
    - ReactiveCocoa (~> 2.1)

DEPENDENCIES:
  - RBCoreDataStack (from `git@github.com:rob-brown/RBCoreDataStack.git`)
  - RBSmartTableViewCell (from `git@github.com:rob-brown/RBSmartTableViewCell.git`)
  - ReactiveCocoa (~> 2.2.4)
  - ReactiveViewModel (~> 0.2)

EXTERNAL SOURCES:
  RBCoreDataStack:
    :git: git@github.com:rob-brown/RBCoreDataStack.git
  RBSmartTableViewCell:
    :git: git@github.com:rob-brown/RBSmartTableViewCell.git

SPEC CHECKSUMS:
  RBCoreDataStack: 6bc3e1de9850d37a47b406539fd82a6161484e3d
  RBSmartTableViewCell: c4e73db3756aab668d62530ef150e1b5d4d3bb57
  ReactiveCocoa: 953a45dda30674fe704d1d9c77cc874141742f47
  ReactiveViewModel: f636ab3e06b5e69664b69c883fcdb457ab5cb0cb

COCOAPODS: 0.29.0
